{
  "version": 4,
  "terraform_version": "1.1.7",
  "serial": 90,
  "lineage": "3dde96b3-de83-0a09-b684-0c374488a7c7",
  "outputs": {},
  "resources": [
    {
      "mode": "data",
      "type": "azurerm_public_ip",
      "name": "ip-aula",
      "provider": "provider[\"registry.terraform.io/hashicorp/azurerm\"]",
      "instances": [
        {
          "schema_version": 0,
          "attributes": {
            "allocation_method": "Static",
            "domain_name_label": "",
            "fqdn": "",
            "id": "/subscriptions/1b0a9b38-c8c0-4ef3-b36d-6a8f2134e01c/resourceGroups/InfraCloudAula/providers/Microsoft.Network/publicIPAddresses/ipAulaInfra",
            "idle_timeout_in_minutes": 4,
            "ip_address": "20.58.184.57",
            "ip_tags": {},
            "ip_version": "IPv4",
            "location": "australiaeast",
            "name": "ipAulaInfra",
            "resource_group_name": "InfraCloudAula",
            "reverse_fqdn": "",
            "sku": "Basic",
            "tags": {
              "environment": "Production"
            },
            "timeouts": null,
            "zones": []
          },
          "sensitive_attributes": []
        }
      ]
    },
    {
      "mode": "managed",
      "type": "azurerm_network_interface",
      "name": "nic-aulainfra",
      "provider": "provider[\"registry.terraform.io/hashicorp/azurerm\"]",
      "instances": [
        {
          "schema_version": 0,
          "attributes": {
            "applied_dns_servers": [],
            "dns_servers": [],
            "edge_zone": "",
            "enable_accelerated_networking": false,
            "enable_ip_forwarding": false,
            "id": "/subscriptions/1b0a9b38-c8c0-4ef3-b36d-6a8f2134e01c/resourceGroups/InfraCloudAula/providers/Microsoft.Network/networkInterfaces/nic-AulaInfra",
            "internal_dns_name_label": "",
            "internal_domain_name_suffix": "o1ewkkugyjbuxellyip1ttxqjb.px.internal.cloudapp.net",
            "ip_configuration": [
              {
                "gateway_load_balancer_frontend_ip_configuration_id": "",
                "name": "ip-aulaInfra",
                "primary": true,
                "private_ip_address": "10.0.1.4",
                "private_ip_address_allocation": "Dynamic",
                "private_ip_address_version": "IPv4",
                "public_ip_address_id": "/subscriptions/1b0a9b38-c8c0-4ef3-b36d-6a8f2134e01c/resourceGroups/InfraCloudAula/providers/Microsoft.Network/publicIPAddresses/ipAulaInfra",
                "subnet_id": "/subscriptions/1b0a9b38-c8c0-4ef3-b36d-6a8f2134e01c/resourceGroups/InfraCloudAula/providers/Microsoft.Network/virtualNetworks/vnet-aula/subnets/sub-aula"
              }
            ],
            "location": "australiaeast",
            "mac_address": "00-22-48-11-09-0E",
            "name": "nic-AulaInfra",
            "private_ip_address": "10.0.1.4",
            "private_ip_addresses": [
              "10.0.1.4"
            ],
            "resource_group_name": "InfraCloudAula",
            "tags": {},
            "timeouts": null,
            "virtual_machine_id": "/subscriptions/1b0a9b38-c8c0-4ef3-b36d-6a8f2134e01c/resourceGroups/InfraCloudAula/providers/Microsoft.Compute/virtualMachines/vm-Aula"
          },
          "sensitive_attributes": [],
          "private": "eyJlMmJmYjczMC1lY2FhLTExZTYtOGY4OC0zNDM2M2JjN2M0YzAiOnsiY3JlYXRlIjoxODAwMDAwMDAwMDAwLCJkZWxldGUiOjE4MDAwMDAwMDAwMDAsInJlYWQiOjMwMDAwMDAwMDAwMCwidXBkYXRlIjoxODAwMDAwMDAwMDAwfX0=",
          "dependencies": [
            "azurerm_public_ip.ip-aulaInfra",
            "azurerm_resource_group.InfraCloudAula",
            "azurerm_subnet.subAulaInfra",
            "azurerm_virtual_network.vnet-InfraCloudAula"
          ]
        }
      ]
    },
    {
      "mode": "managed",
      "type": "azurerm_network_interface_security_group_association",
      "name": "nic-nsg-AulaInfra",
      "provider": "provider[\"registry.terraform.io/hashicorp/azurerm\"]",
      "instances": [
        {
          "schema_version": 0,
          "attributes": {
            "id": "/subscriptions/1b0a9b38-c8c0-4ef3-b36d-6a8f2134e01c/resourceGroups/InfraCloudAula/providers/Microsoft.Network/networkInterfaces/nic-AulaInfra|/subscriptions/1b0a9b38-c8c0-4ef3-b36d-6a8f2134e01c/resourceGroups/InfraCloudAula/providers/Microsoft.Network/networkSecurityGroups/nsg-aula",
            "network_interface_id": "/subscriptions/1b0a9b38-c8c0-4ef3-b36d-6a8f2134e01c/resourceGroups/InfraCloudAula/providers/Microsoft.Network/networkInterfaces/nic-AulaInfra",
            "network_security_group_id": "/subscriptions/1b0a9b38-c8c0-4ef3-b36d-6a8f2134e01c/resourceGroups/InfraCloudAula/providers/Microsoft.Network/networkSecurityGroups/nsg-aula",
            "timeouts": null
          },
          "sensitive_attributes": [],
          "private": "eyJlMmJmYjczMC1lY2FhLTExZTYtOGY4OC0zNDM2M2JjN2M0YzAiOnsiY3JlYXRlIjoxODAwMDAwMDAwMDAwLCJkZWxldGUiOjE4MDAwMDAwMDAwMDAsInJlYWQiOjMwMDAwMDAwMDAwMCwidXBkYXRlIjoxODAwMDAwMDAwMDAwfX0=",
          "dependencies": [
            "azurerm_network_interface.nic-aulainfra",
            "azurerm_network_security_group.nsgAulaInfra",
            "azurerm_public_ip.ip-aulaInfra",
            "azurerm_resource_group.InfraCloudAula",
            "azurerm_subnet.subAulaInfra",
            "azurerm_virtual_network.vnet-InfraCloudAula"
          ]
        }
      ]
    },
    {
      "mode": "managed",
      "type": "azurerm_network_security_group",
      "name": "nsgAulaInfra",
      "provider": "provider[\"registry.terraform.io/hashicorp/azurerm\"]",
      "instances": [
        {
          "schema_version": 0,
          "attributes": {
            "id": "/subscriptions/1b0a9b38-c8c0-4ef3-b36d-6a8f2134e01c/resourceGroups/InfraCloudAula/providers/Microsoft.Network/networkSecurityGroups/nsg-aula",
            "location": "australiaeast",
            "name": "nsg-aula",
            "resource_group_name": "InfraCloudAula",
            "security_rule": [
              {
                "access": "Allow",
                "description": "",
                "destination_address_prefix": "*",
                "destination_address_prefixes": [],
                "destination_application_security_group_ids": [],
                "destination_port_range": "*",
                "destination_port_ranges": [],
                "direction": "Inbound",
                "name": "test123",
                "priority": 100,
                "protocol": "Tcp",
                "source_address_prefix": "*",
                "source_address_prefixes": [],
                "source_application_security_group_ids": [],
                "source_port_range": "*",
                "source_port_ranges": []
              },
              {
                "access": "Allow",
                "description": "",
                "destination_address_prefix": "*",
                "destination_address_prefixes": [],
                "destination_application_security_group_ids": [],
                "destination_port_range": "80",
                "destination_port_ranges": [],
                "direction": "Inbound",
                "name": "SSH",
                "priority": 1003,
                "protocol": "Tcp",
                "source_address_prefix": "*",
                "source_address_prefixes": [],
                "source_application_security_group_ids": [],
                "source_port_range": "*",
                "source_port_ranges": []
              }
            ],
            "tags": {
              "environment": "Production"
            },
            "timeouts": null
          },
          "sensitive_attributes": [],
          "private": "eyJlMmJmYjczMC1lY2FhLTExZTYtOGY4OC0zNDM2M2JjN2M0YzAiOnsiY3JlYXRlIjoxODAwMDAwMDAwMDAwLCJkZWxldGUiOjE4MDAwMDAwMDAwMDAsInJlYWQiOjMwMDAwMDAwMDAwMCwidXBkYXRlIjoxODAwMDAwMDAwMDAwfX0=",
          "dependencies": [
            "azurerm_resource_group.InfraCloudAula"
          ]
        }
      ]
    },
    {
      "mode": "managed",
      "type": "azurerm_public_ip",
      "name": "ip-aulaInfra",
      "provider": "provider[\"registry.terraform.io/hashicorp/azurerm\"]",
      "instances": [
        {
          "schema_version": 0,
          "attributes": {
            "allocation_method": "Static",
            "domain_name_label": null,
            "edge_zone": "",
            "fqdn": null,
            "id": "/subscriptions/1b0a9b38-c8c0-4ef3-b36d-6a8f2134e01c/resourceGroups/InfraCloudAula/providers/Microsoft.Network/publicIPAddresses/ipAulaInfra",
            "idle_timeout_in_minutes": 4,
            "ip_address": "20.58.184.57",
            "ip_tags": {},
            "ip_version": "IPv4",
            "location": "australiaeast",
            "name": "ipAulaInfra",
            "public_ip_prefix_id": null,
            "resource_group_name": "InfraCloudAula",
            "reverse_fqdn": null,
            "sku": "Basic",
            "sku_tier": "Regional",
            "tags": {
              "environment": "Production"
            },
            "timeouts": null,
            "zones": []
          },
          "sensitive_attributes": [],
          "private": "eyJlMmJmYjczMC1lY2FhLTExZTYtOGY4OC0zNDM2M2JjN2M0YzAiOnsiY3JlYXRlIjoxODAwMDAwMDAwMDAwLCJkZWxldGUiOjE4MDAwMDAwMDAwMDAsInJlYWQiOjMwMDAwMDAwMDAwMCwidXBkYXRlIjoxODAwMDAwMDAwMDAwfX0=",
          "dependencies": [
            "azurerm_resource_group.InfraCloudAula"
          ]
        }
      ]
    },
    {
      "mode": "managed",
      "type": "azurerm_resource_group",
      "name": "InfraCloudAula",
      "provider": "provider[\"registry.terraform.io/hashicorp/azurerm\"]",
      "instances": [
        {
          "schema_version": 0,
          "attributes": {
            "id": "/subscriptions/1b0a9b38-c8c0-4ef3-b36d-6a8f2134e01c/resourceGroups/InfraCloudAula",
            "location": "australiaeast",
            "name": "InfraCloudAula",
            "tags": {},
            "timeouts": null
          },
          "sensitive_attributes": [],
          "private": "eyJlMmJmYjczMC1lY2FhLTExZTYtOGY4OC0zNDM2M2JjN2M0YzAiOnsiY3JlYXRlIjo1NDAwMDAwMDAwMDAwLCJkZWxldGUiOjU0MDAwMDAwMDAwMDAsInJlYWQiOjMwMDAwMDAwMDAwMCwidXBkYXRlIjo1NDAwMDAwMDAwMDAwfX0="
        }
      ]
    },
    {
      "mode": "managed",
      "type": "azurerm_subnet",
      "name": "subAulaInfra",
      "provider": "provider[\"registry.terraform.io/hashicorp/azurerm\"]",
      "instances": [
        {
          "schema_version": 0,
          "attributes": {
            "address_prefixes": [
              "10.0.1.0/24"
            ],
            "delegation": [],
            "enforce_private_link_endpoint_network_policies": false,
            "enforce_private_link_service_network_policies": false,
            "id": "/subscriptions/1b0a9b38-c8c0-4ef3-b36d-6a8f2134e01c/resourceGroups/InfraCloudAula/providers/Microsoft.Network/virtualNetworks/vnet-aula/subnets/sub-aula",
            "name": "sub-aula",
            "resource_group_name": "InfraCloudAula",
            "service_endpoint_policy_ids": [],
            "service_endpoints": [],
            "timeouts": null,
            "virtual_network_name": "vnet-aula"
          },
          "sensitive_attributes": [],
          "private": "eyJlMmJmYjczMC1lY2FhLTExZTYtOGY4OC0zNDM2M2JjN2M0YzAiOnsiY3JlYXRlIjoxODAwMDAwMDAwMDAwLCJkZWxldGUiOjE4MDAwMDAwMDAwMDAsInJlYWQiOjMwMDAwMDAwMDAwMCwidXBkYXRlIjoxODAwMDAwMDAwMDAwfX0=",
          "dependencies": [
            "azurerm_resource_group.InfraCloudAula",
            "azurerm_virtual_network.vnet-InfraCloudAula"
          ]
        }
      ]
    },
    {
      "mode": "managed",
      "type": "azurerm_virtual_machine",
      "name": "vm-AulaInfra",
      "provider": "provider[\"registry.terraform.io/hashicorp/azurerm\"]",
      "instances": [
        {
          "schema_version": 0,
          "attributes": {
            "additional_capabilities": [],
            "availability_set_id": null,
            "boot_diagnostics": [],
            "delete_data_disks_on_termination": false,
            "delete_os_disk_on_termination": false,
            "id": "/subscriptions/1b0a9b38-c8c0-4ef3-b36d-6a8f2134e01c/resourceGroups/InfraCloudAula/providers/Microsoft.Compute/virtualMachines/vm-Aula",
            "identity": [],
            "license_type": null,
            "location": "australiaeast",
            "name": "vm-Aula",
            "network_interface_ids": [
              "/subscriptions/1b0a9b38-c8c0-4ef3-b36d-6a8f2134e01c/resourceGroups/InfraCloudAula/providers/Microsoft.Network/networkInterfaces/nic-AulaInfra"
            ],
            "os_profile": [
              {
                "admin_password": "",
                "admin_username": "testadmin",
                "computer_name": "hostname",
                "custom_data": ""
              }
            ],
            "os_profile_linux_config": [
              {
                "disable_password_authentication": false,
                "ssh_keys": []
              }
            ],
            "os_profile_secrets": [],
            "os_profile_windows_config": [],
            "plan": [],
            "primary_network_interface_id": null,
            "proximity_placement_group_id": null,
            "resource_group_name": "InfraCloudAula",
            "storage_data_disk": [],
            "storage_image_reference": [
              {
                "id": "",
                "offer": "UbuntuServer",
                "publisher": "Canonical",
                "sku": "16.04-LTS",
                "version": "latest"
              }
            ],
            "storage_os_disk": [
              {
                "caching": "ReadWrite",
                "create_option": "FromImage",
                "disk_size_gb": 30,
                "image_uri": "",
                "managed_disk_id": "/subscriptions/1b0a9b38-c8c0-4ef3-b36d-6a8f2134e01c/resourceGroups/InfraCloudAula/providers/Microsoft.Compute/disks/myosdisk1",
                "managed_disk_type": "Standard_LRS",
                "name": "myosdisk1",
                "os_type": "Linux",
                "vhd_uri": "",
                "write_accelerator_enabled": false
              }
            ],
            "tags": {
              "environment": "staging"
            },
            "timeouts": null,
            "vm_size": "Standard_DS1_v2",
            "zones": []
          },
          "sensitive_attributes": [],
          "private": "eyJlMmJmYjczMC1lY2FhLTExZTYtOGY4OC0zNDM2M2JjN2M0YzAiOnsiY3JlYXRlIjozNjAwMDAwMDAwMDAwLCJkZWxldGUiOjM2MDAwMDAwMDAwMDAsInJlYWQiOjMwMDAwMDAwMDAwMCwidXBkYXRlIjozNjAwMDAwMDAwMDAwfX0=",
          "dependencies": [
            "azurerm_network_interface.nic-aulainfra",
            "azurerm_public_ip.ip-aulaInfra",
            "azurerm_resource_group.InfraCloudAula",
            "azurerm_subnet.subAulaInfra",
            "azurerm_virtual_network.vnet-InfraCloudAula"
          ]
        }
      ]
    },
    {
      "mode": "managed",
      "type": "azurerm_virtual_network",
      "name": "vnet-InfraCloudAula",
      "provider": "provider[\"registry.terraform.io/hashicorp/azurerm\"]",
      "instances": [
        {
          "schema_version": 0,
          "attributes": {
            "address_space": [
              "10.0.0.0/16"
            ],
            "bgp_community": "",
            "ddos_protection_plan": [],
            "dns_servers": [],
            "edge_zone": "",
            "flow_timeout_in_minutes": 0,
            "guid": "2a65c976-c286-4b43-916b-c21fb9cef049",
            "id": "/subscriptions/1b0a9b38-c8c0-4ef3-b36d-6a8f2134e01c/resourceGroups/InfraCloudAula/providers/Microsoft.Network/virtualNetworks/vnet-aula",
            "location": "australiaeast",
            "name": "vnet-aula",
            "resource_group_name": "InfraCloudAula",
            "subnet": [
              {
                "address_prefix": "10.0.1.0/24",
                "id": "/subscriptions/1b0a9b38-c8c0-4ef3-b36d-6a8f2134e01c/resourceGroups/InfraCloudAula/providers/Microsoft.Network/virtualNetworks/vnet-aula/subnets/sub-aula",
                "name": "sub-aula",
                "security_group": ""
              }
            ],
            "tags": {
              "environment": "Production"
            },
            "timeouts": null
          },
          "sensitive_attributes": [],
          "private": "eyJlMmJmYjczMC1lY2FhLTExZTYtOGY4OC0zNDM2M2JjN2M0YzAiOnsiY3JlYXRlIjoxODAwMDAwMDAwMDAwLCJkZWxldGUiOjE4MDAwMDAwMDAwMDAsInJlYWQiOjMwMDAwMDAwMDAwMCwidXBkYXRlIjoxODAwMDAwMDAwMDAwfX0=",
          "dependencies": [
            "azurerm_resource_group.InfraCloudAula"
          ]
        }
      ]
    },
    {
      "mode": "managed",
      "type": "null_resource",
      "name": "install-apache",
      "provider": "provider[\"registry.terraform.io/hashicorp/null\"]",
      "instances": [
        {
          "schema_version": 0,
          "attributes": {
            "id": "7790632166768078020",
            "triggers": null
          },
          "sensitive_attributes": [],
          "private": "bnVsbA==",
          "dependencies": [
            "azurerm_virtual_machine.vm-AulaInfra",
            "data.azurerm_public_ip.ip-aula"
          ]
        }
      ]
    }
  ]
}
